// !$*UTF8*$!
{
	archiveVersion = 1;
	classes = {
	};
	objectVersion = 56;
	objects = {

/* Begin PBXBuildFile section */
		722608ED2BB032FC009C1593 /* AppDelegate.swift in Sources */ = {isa = PBXBuildFile; fileRef = 722608EC2BB032FC009C1593 /* AppDelegate.swift */; };
		722608EF2BB032FC009C1593 /* SceneDelegate.swift in Sources */ = {isa = PBXBuildFile; fileRef = 722608EE2BB032FC009C1593 /* SceneDelegate.swift */; };
		722608F12BB032FC009C1593 /* ViewController.swift in Sources */ = {isa = PBXBuildFile; fileRef = 722608F02BB032FC009C1593 /* ViewController.swift */; };
		722608F42BB032FC009C1593 /* Main.storyboard in Resources */ = {isa = PBXBuildFile; fileRef = 722608F22BB032FC009C1593 /* Main.storyboard */; };
		722608F62BB032FE009C1593 /* Assets.xcassets in Resources */ = {isa = PBXBuildFile; fileRef = 722608F52BB032FE009C1593 /* Assets.xcassets */; };
		722608F92BB032FE009C1593 /* LaunchScreen.storyboard in Resources */ = {isa = PBXBuildFile; fileRef = 722608F72BB032FE009C1593 /* LaunchScreen.storyboard */; };
		722609042BB032FE009C1593 /* SpiskiTests.swift in Sources */ = {isa = PBXBuildFile; fileRef = 722609032BB032FE009C1593 /* SpiskiTests.swift */; };
		7226090E2BB032FE009C1593 /* SpiskiUITests.swift in Sources */ = {isa = PBXBuildFile; fileRef = 7226090D2BB032FE009C1593 /* SpiskiUITests.swift */; };
		722609102BB032FE009C1593 /* SpiskiUITestsLaunchTests.swift in Sources */ = {isa = PBXBuildFile; fileRef = 7226090F2BB032FE009C1593 /* SpiskiUITestsLaunchTests.swift */; };
		7226091F2BB03321009C1593 /* SnapKit in Frameworks */ = {isa = PBXBuildFile; productRef = 7226091E2BB03321009C1593 /* SnapKit */; };
		722609212BB033E0009C1593 /* UserdefManager.swift in Sources */ = {isa = PBXBuildFile; fileRef = 722609202BB033E0009C1593 /* UserdefManager.swift */; };
/* End PBXBuildFile section */

/* Begin PBXContainerItemProxy section */
		722609002BB032FE009C1593 /* PBXContainerItemProxy */ = {
			isa = PBXContainerItemProxy;
			containerPortal = 722608E12BB032FC009C1593 /* Project object */;
			proxyType = 1;
			remoteGlobalIDString = 722608E82BB032FC009C1593;
			remoteInfo = Spiski;
		};
		7226090A2BB032FE009C1593 /* PBXContainerItemProxy */ = {
			isa = PBXContainerItemProxy;
			containerPortal = 722608E12BB032FC009C1593 /* Project object */;
			proxyType = 1;
			remoteGlobalIDString = 722608E82BB032FC009C1593;
			remoteInfo = Spiski;
		};
/* End PBXContainerItemProxy section */

/* Begin PBXFileReference section */
		722608E92BB032FC009C1593 /* Spiski.app */ = {isa = PBXFileReference; explicitFileType = wrapper.application; includeInIndex = 0; path = Spiski.app; sourceTree = BUILT_PRODUCTS_DIR; };
		722608EC2BB032FC009C1593 /* AppDelegate.swift */ = {isa = PBXFileReference; lastKnownFileType = sourcecode.swift; path = AppDelegate.swift; sourceTree = "<group>"; };
		722608EE2BB032FC009C1593 /* SceneDelegate.swift */ = {isa = PBXFileReference; lastKnownFileType = sourcecode.swift; path = SceneDelegate.swift; sourceTree = "<group>"; };
		722608F02BB032FC009C1593 /* ViewController.swift */ = {isa = PBXFileReference; lastKnownFileType = sourcecode.swift; path = ViewController.swift; sourceTree = "<group>"; };
		722608F32BB032FC009C1593 /* Base */ = {isa = PBXFileReference; lastKnownFileType = file.storyboard; name = Base; path = Base.lproj/Main.storyboard; sourceTree = "<group>"; };
		722608F52BB032FE009C1593 /* Assets.xcassets */ = {isa = PBXFileReference; lastKnownFileType = folder.assetcatalog; path = Assets.xcassets; sourceTree = "<group>"; };
		722608F82BB032FE009C1593 /* Base */ = {isa = PBXFileReference; lastKnownFileType = file.storyboard; name = Base; path = Base.lproj/LaunchScreen.storyboard; sourceTree = "<group>"; };
		722608FA2BB032FE009C1593 /* Info.plist */ = {isa = PBXFileReference; lastKnownFileType = text.plist.xml; path = Info.plist; sourceTree = "<group>"; };
		722608FF2BB032FE009C1593 /* SpiskiTests.xctest */ = {isa = PBXFileReference; explicitFileType = wrapper.cfbundle; includeInIndex = 0; path = SpiskiTests.xctest; sourceTree = BUILT_PRODUCTS_DIR; };
		722609032BB032FE009C1593 /* SpiskiTests.swift */ = {isa = PBXFileReference; lastKnownFileType = sourcecode.swift; path = SpiskiTests.swift; sourceTree = "<group>"; };
		722609092BB032FE009C1593 /* SpiskiUITests.xctest */ = {isa = PBXFileReference; explicitFileType = wrapper.cfbundle; includeInIndex = 0; path = SpiskiUITests.xctest; sourceTree = BUILT_PRODUCTS_DIR; };
		7226090D2BB032FE009C1593 /* SpiskiUITests.swift */ = {isa = PBXFileReference; lastKnownFileType = sourcecode.swift; path = SpiskiUITests.swift; sourceTree = "<group>"; };
		7226090F2BB032FE009C1593 /* SpiskiUITestsLaunchTests.swift */ = {isa = PBXFileReference; lastKnownFileType = sourcecode.swift; path = SpiskiUITestsLaunchTests.swift; sourceTree = "<group>"; };
		722609202BB033E0009C1593 /* UserdefManager.swift */ = {isa = PBXFileReference; lastKnownFileType = sourcecode.swift; path = UserdefManager.swift; sourceTree = "<group>"; };
/* End PBXFileReference section */

/* Begin PBXFrameworksBuildPhase section */
		722608E62BB032FC009C1593 /* Frameworks */ = {
			isa = PBXFrameworksBuildPhase;
			buildActionMask = 2147483647;
			files = (
				7226091F2BB03321009C1593 /* SnapKit in Frameworks */,
			);
			runOnlyForDeploymentPostprocessing = 0;
		};
		722608FC2BB032FE009C1593 /* Frameworks */ = {
			isa = PBXFrameworksBuildPhase;
			buildActionMask = 2147483647;
			files = (
			);
			runOnlyForDeploymentPostprocessing = 0;
		};
		722609062BB032FE009C1593 /* Frameworks */ = {
			isa = PBXFrameworksBuildPhase;
			buildActionMask = 2147483647;
			files = (
			);
			runOnlyForDeploymentPostprocessing = 0;
		};
/* End PBXFrameworksBuildPhase section */

/* Begin PBXGroup section */
		722608E02BB032FC009C1593 = {
			isa = PBXGroup;
			children = (
				722608EB2BB032FC009C1593 /* Spiski */,
				722609022BB032FE009C1593 /* SpiskiTests */,
				7226090C2BB032FE009C1593 /* SpiskiUITests */,
				722608EA2BB032FC009C1593 /* Products */,
				7226091D2BB03321009C1593 /* Frameworks */,
			);
			sourceTree = "<group>";
		};
		722608EA2BB032FC009C1593 /* Products */ = {
			isa = PBXGroup;
			children = (
				722608E92BB032FC009C1593 /* Spiski.app */,
				722608FF2BB032FE009C1593 /* SpiskiTests.xctest */,
				722609092BB032FE009C1593 /* SpiskiUITests.xctest */,
			);
			name = Products;
			sourceTree = "<group>";
		};
		722608EB2BB032FC009C1593 /* Spiski */ = {
			isa = PBXGroup;
			children = (
				722608EC2BB032FC009C1593 /* AppDelegate.swift */,
				722608EE2BB032FC009C1593 /* SceneDelegate.swift */,
				722608F02BB032FC009C1593 /* ViewController.swift */,
				722609202BB033E0009C1593 /* UserdefManager.swift */,
				722608F22BB032FC009C1593 /* Main.storyboard */,
				722608F52BB032FE009C1593 /* Assets.xcassets */,
				722608F72BB032FE009C1593 /* LaunchScreen.storyboard */,
				722608FA2BB032FE009C1593 /* Info.plist */,
			);
			path = Spiski;
			sourceTree = "<group>";
		};
		722609022BB032FE009C1593 /* SpiskiTests */ = {
			isa = PBXGroup;
			children = (
				722609032BB032FE009C1593 /* SpiskiTests.swift */,
			);
			path = SpiskiTests;
			sourceTree = "<group>";
		};
		7226090C2BB032FE009C1593 /* SpiskiUITests */ = {
			isa = PBXGroup;
			children = (
				7226090D2BB032FE009C1593 /* SpiskiUITests.swift */,
				7226090F2BB032FE009C1593 /* SpiskiUITestsLaunchTests.swift */,
			);
			path = SpiskiUITests;
			sourceTree = "<group>";
		};
		7226091D2BB03321009C1593 /* Frameworks */ = {
			isa = PBXGroup;
			children = (
			);
			name = Frameworks;
			sourceTree = "<group>";
		};
/* End PBXGroup section */

/* Begin PBXNativeTarget section */
		722608E82BB032FC009C1593 /* Spiski */ = {
			isa = PBXNativeTarget;
			buildConfigurationList = 722609132BB032FE009C1593 /* Build configuration list for PBXNativeTarget "Spiski" */;
			buildPhases = (
				722608E52BB032FC009C1593 /* Sources */,
				722608E62BB032FC009C1593 /* Frameworks */,
				722608E72BB032FC009C1593 /* Resources */,
			);
			buildRules = (
			);
			dependencies = (
			);
			name = Spiski;
			packageProductDependencies = (
				7226091E2BB03321009C1593 /* SnapKit */,
			);
			productName = Spiski;
			productReference = 722608E92BB032FC009C1593 /* Spiski.app */;
			productType = "com.apple.product-type.application";
		};
		722608FE2BB032FE009C1593 /* SpiskiTests */ = {
			isa = PBXNativeTarget;
			buildConfigurationList = 722609162BB032FE009C1593 /* Build configuration list for PBXNativeTarget "SpiskiTests" */;
			buildPhases = (
				722608FB2BB032FE009C1593 /* Sources */,
				722608FC2BB032FE009C1593 /* Frameworks */,
				722608FD2BB032FE009C1593 /* Resources */,
			);
			buildRules = (
			);
			dependencies = (
				722609012BB032FE009C1593 /* PBXTargetDependency */,
			);
			name = SpiskiTests;
			productName = SpiskiTests;
			productReference = 722608FF2BB032FE009C1593 /* SpiskiTests.xctest */;
			productType = "com.apple.product-type.bundle.unit-test";
		};
		722609082BB032FE009C1593 /* SpiskiUITests */ = {
			isa = PBXNativeTarget;
			buildConfigurationList = 722609192BB032FE009C1593 /* Build configuration list for PBXNativeTarget "SpiskiUITests" */;
			buildPhases = (
				722609052BB032FE009C1593 /* Sources */,
				722609062BB032FE009C1593 /* Frameworks */,
				722609072BB032FE009C1593 /* Resources */,
			);
			buildRules = (
			);
			dependencies = (
				7226090B2BB032FE009C1593 /* PBXTargetDependency */,
			);
			name = SpiskiUITests;
			productName = SpiskiUITests;
			productReference = 722609092BB032FE009C1593 /* SpiskiUITests.xctest */;
			productType = "com.apple.product-type.bundle.ui-testing";
		};
/* End PBXNativeTarget section */

/* Begin PBXProject section */
		722608E12BB032FC009C1593 /* Project object */ = {
			isa = PBXProject;
			attributes = {
				BuildIndependentTargetsInParallel = 1;
				LastSwiftUpdateCheck = 1520;
				LastUpgradeCheck = 1520;
				TargetAttributes = {
					722608E82BB032FC009C1593 = {
						CreatedOnToolsVersion = 15.2;
					};
					722608FE2BB032FE009C1593 = {
						CreatedOnToolsVersion = 15.2;
						TestTargetID = 722608E82BB032FC009C1593;
					};
					722609082BB032FE009C1593 = {
						CreatedOnToolsVersion = 15.2;
						TestTargetID = 722608E82BB032FC009C1593;
					};
				};
			};
			buildConfigurationList = 722608E42BB032FC009C1593 /* Build configuration list for PBXProject "Spiski" */;
			compatibilityVersion = "Xcode 14.0";
			developmentRegion = en;
			hasScannedForEncodings = 0;
			knownRegions = (
				en,
				Base,
			);
			mainGroup = 722608E02BB032FC009C1593;
			packageReferences = (
				7226091C2BB0331C009C1593 /* XCRemoteSwiftPackageReference "SnapKit" */,
			);
			productRefGroup = 722608EA2BB032FC009C1593 /* Products */;
			projectDirPath = "";
			projectRoot = "";
			targets = (
				722608E82BB032FC009C1593 /* Spiski */,
				722608FE2BB032FE009C1593 /* SpiskiTests */,
				722609082BB032FE009C1593 /* SpiskiUITests */,
			);
		};
/* End PBXProject section */

/* Begin PBXResourcesBuildPhase section */
		722608E72BB032FC009C1593 /* Resources */ = {
			isa = PBXResourcesBuildPhase;
			buildActionMask = 2147483647;
			files = (
				722608F92BB032FE009C1593 /* LaunchScreen.storyboard in Resources */,
				722608F62BB032FE009C1593 /* Assets.xcassets in Resources */,
				722608F42BB032FC009C1593 /* Main.storyboard in Resources */,
			);
			runOnlyForDeploymentPostprocessing = 0;
		};
		722608FD2BB032FE009C1593 /* Resources */ = {
			isa = PBXResourcesBuildPhase;
			buildActionMask = 2147483647;
			files = (
			);
			runOnlyForDeploymentPostprocessing = 0;
		};
		722609072BB032FE009C1593 /* Resources */ = {
			isa = PBXResourcesBuildPhase;
			buildActionMask = 2147483647;
			files = (
			);
			runOnlyForDeploymentPostprocessing = 0;
		};
/* End PBXResourcesBuildPhase section */

/* Begin PBXSourcesBuildPhase section */
		722608E52BB032FC009C1593 /* Sources */ = {
			isa = PBXSourcesBuildPhase;
			buildActionMask = 2147483647;
			files = (
				722609212BB033E0009C1593 /* UserdefManager.swift in Sources */,
				722608F12BB032FC009C1593 /* ViewController.swift in Sources */,
				722608ED2BB032FC009C1593 /* AppDelegate.swift in Sources */,
				722608EF2BB032FC009C1593 /* SceneDelegate.swift in Sources */,
			);
			runOnlyForDeploymentPostprocessing = 0;
		};
		722608FB2BB032FE009C1593 /* Sources */ = {
			isa = PBXSourcesBuildPhase;
			buildActionMask = 2147483647;
			files = (
				722609042BB032FE009C1593 /* SpiskiTests.swift in Sources */,
			);
			runOnlyForDeploymentPostprocessing = 0;
		};
		722609052BB032FE009C1593 /* Sources */ = {
			isa = PBXSourcesBuildPhase;
			buildActionMask = 2147483647;
			files = (
				7226090E2BB032FE009C1593 /* SpiskiUITests.swift in Sources */,
				722609102BB032FE009C1593 /* SpiskiUITestsLaunchTests.swift in Sources */,
			);
			runOnlyForDeploymentPostprocessing = 0;
		};
/* End PBXSourcesBuildPhase section */

/* Begin PBXTargetDependency section */
		722609012BB032FE009C1593 /* PBXTargetDependency */ = {
			isa = PBXTargetDependency;
			target = 722608E82BB032FC009C1593 /* Spiski */;
			targetProxy = 722609002BB032FE009C1593 /* PBXContainerItemProxy */;
		};
		7226090B2BB032FE009C1593 /* PBXTargetDependency */ = {
			isa = PBXTargetDependency;
			target = 722608E82BB032FC009C1593 /* Spiski */;
			targetProxy = 7226090A2BB032FE009C1593 /* PBXContainerItemProxy */;
		};
/* End PBXTargetDependency section */

/* Begin PBXVariantGroup section */
		722608F22BB032FC009C1593 /* Main.storyboard */ = {
			isa = PBXVariantGroup;
			children = (
				722608F32BB032FC009C1593 /* Base */,
			);
			name = Main.storyboard;
			sourceTree = "<group>";
		};
		722608F72BB032FE009C1593 /* LaunchScreen.storyboard */ = {
			isa = PBXVariantGroup;
			children = (
				722608F82BB032FE009C1593 /* Base */,
			);
			name = LaunchScreen.storyboard;
			sourceTree = "<group>";
		};
/* End PBXVariantGroup section */

/* Begin XCBuildConfiguration section */
		722609112BB032FE009C1593 /* Debug */ = {
			isa = XCBuildConfiguration;
			buildSettings = {
				ALWAYS_SEARCH_USER_PATHS = NO;
				ASSETCATALOG_COMPILER_GENERATE_SWIFT_ASSET_SYMBOL_EXTENSIONS = YES;
				CLANG_ANALYZER_NONNULL = YES;
				CLANG_ANALYZER_NUMBER_OBJECT_CONVERSION = YES_AGGRESSIVE;
				CLANG_CXX_LANGUAGE_STANDARD = "gnu++20";
				CLANG_ENABLE_MODULES = YES;
				CLANG_ENABLE_OBJC_ARC = YES;
				CLANG_ENABLE_OBJC_WEAK = YES;
				CLANG_WARN_BLOCK_CAPTURE_AUTORELEASING = YES;
				CLANG_WARN_BOOL_CONVERSION = YES;
				CLANG_WARN_COMMA = YES;
				CLANG_WARN_CONSTANT_CONVERSION = YES;
				CLANG_WARN_DEPRECATED_OBJC_IMPLEMENTATIONS = YES;
				CLANG_WARN_DIRECT_OBJC_ISA_USAGE = YES_ERROR;
				CLANG_WARN_DOCUMENTATION_COMMENTS = YES;
				CLANG_WARN_EMPTY_BODY = YES;
				CLANG_WARN_ENUM_CONVERSION = YES;
				CLANG_WARN_INFINITE_RECURSION = YES;
				CLANG_WARN_INT_CONVERSION = YES;
				CLANG_WARN_NON_LITERAL_NULL_CONVERSION = YES;
				CLANG_WARN_OBJC_IMPLICIT_RETAIN_SELF = YES;
				CLANG_WARN_OBJC_LITERAL_CONVERSION = YES;
				CLANG_WARN_OBJC_ROOT_CLASS = YES_ERROR;
				CLANG_WARN_QUOTED_INCLUDE_IN_FRAMEWORK_HEADER = YES;
				CLANG_WARN_RANGE_LOOP_ANALYSIS = YES;
				CLANG_WARN_STRICT_PROTOTYPES = YES;
				CLANG_WARN_SUSPICIOUS_MOVE = YES;
				CLANG_WARN_UNGUARDED_AVAILABILITY = YES_AGGRESSIVE;
				CLANG_WARN_UNREACHABLE_CODE = YES;
				CLANG_WARN__DUPLICATE_METHOD_MATCH = YES;
				COPY_PHASE_STRIP = NO;
				DEBUG_INFORMATION_FORMAT = dwarf;
				ENABLE_STRICT_OBJC_MSGSEND = YES;
				ENABLE_TESTABILITY = YES;
				ENABLE_USER_SCRIPT_SANDBOXING = YES;
				GCC_C_LANGUAGE_STANDARD = gnu17;
				GCC_DYNAMIC_NO_PIC = NO;
				GCC_NO_COMMON_BLOCKS = YES;
				GCC_OPTIMIZATION_LEVEL = 0;
				GCC_PREPROCESSOR_DEFINITIONS = (
					"DEBUG=1",
					"$(inherited)",
				);
				GCC_WARN_64_TO_32_BIT_CONVERSION = YES;
				GCC_WARN_ABOUT_RETURN_TYPE = YES_ERROR;
				GCC_WARN_UNDECLARED_SELECTOR = YES;
				GCC_WARN_UNINITIALIZED_AUTOS = YES_AGGRESSIVE;
				GCC_WARN_UNUSED_FUNCTION = YES;
				GCC_WARN_UNUSED_VARIABLE = YES;
				IPHONEOS_DEPLOYMENT_TARGET = 17.2;
				LOCALIZATION_PREFERS_STRING_CATALOGS = YES;
				MTL_ENABLE_DEBUG_INFO = INCLUDE_SOURCE;
				MTL_FAST_MATH = YES;
				ONLY_ACTIVE_ARCH = YES;
				SDKROOT = iphoneos;
				SWIFT_ACTIVE_COMPILATION_CONDITIONS = "DEBUG $(inherited)";
				SWIFT_OPTIMIZATION_LEVEL = "-Onone";
			};
			name = Debug;
		};
		722609122BB032FE009C1593 /* Release */ = {
			isa = XCBuildConfiguration;
			buildSettings = {
				ALWAYS_SEARCH_USER_PATHS = NO;
				ASSETCATALOG_COMPILER_GENERATE_SWIFT_ASSET_SYMBOL_EXTENSIONS = YES;
				CLANG_ANALYZER_NONNULL = YES;
				CLANG_ANALYZER_NUMBER_OBJECT_CONVERSION = YES_AGGRESSIVE;
				CLANG_CXX_LANGUAGE_STANDARD = "gnu++20";
				CLANG_ENABLE_MODULES = YES;
				CLANG_ENABLE_OBJC_ARC = YES;
				CLANG_ENABLE_OBJC_WEAK = YES;
				CLANG_WARN_BLOCK_CAPTURE_AUTORELEASING = YES;
				CLANG_WARN_BOOL_CONVERSION = YES;
				CLANG_WARN_COMMA = YES;
				CLANG_WARN_CONSTANT_CONVERSION = YES;
				CLANG_WARN_DEPRECATED_OBJC_IMPLEMENTATIONS = YES;
				CLANG_WARN_DIRECT_OBJC_ISA_USAGE = YES_ERROR;
				CLANG_WARN_DOCUMENTATION_COMMENTS = YES;
				CLANG_WARN_EMPTY_BODY = YES;
				CLANG_WARN_ENUM_CONVERSION = YES;
				CLANG_WARN_INFINITE_RECURSION = YES;
				CLANG_WARN_INT_CONVERSION = YES;
				CLANG_WARN_NON_LITERAL_NULL_CONVERSION = YES;
				CLANG_WARN_OBJC_IMPLICIT_RETAIN_SELF = YES;
				CLANG_WARN_OBJC_LITERAL_CONVERSION = YES;
				CLANG_WARN_OBJC_ROOT_CLASS = YES_ERROR;
				CLANG_WARN_QUOTED_INCLUDE_IN_FRAMEWORK_HEADER = YES;
				CLANG_WARN_RANGE_LOOP_ANALYSIS = YES;
				CLANG_WARN_STRICT_PROTOTYPES = YES;
				CLANG_WARN_SUSPICIOUS_MOVE = YES;
				CLANG_WARN_UNGUARDED_AVAILABILITY = YES_AGGRESSIVE;
				CLANG_WARN_UNREACHABLE_CODE = YES;
				CLANG_WARN__DUPLICATE_METHOD_MATCH = YES;
				COPY_PHASE_STRIP = NO;
				DEBUG_INFORMATION_FORMAT = "dwarf-with-dsym";
				ENABLE_NS_ASSERTIONS = NO;
				ENABLE_STRICT_OBJC_MSGSEND = YES;
				ENABLE_USER_SCRIPT_SANDBOXING = YES;
				GCC_C_LANGUAGE_STANDARD = gnu17;
				GCC_NO_COMMON_BLOCKS = YES;
				GCC_WARN_64_TO_32_BIT_CONVERSION = YES;
				GCC_WARN_ABOUT_RETURN_TYPE = YES_ERROR;
				GCC_WARN_UNDECLARED_SELECTOR = YES;
				GCC_WARN_UNINITIALIZED_AUTOS = YES_AGGRESSIVE;
				GCC_WARN_UNUSED_FUNCTION = YES;
				GCC_WARN_UNUSED_VARIABLE = YES;
				IPHONEOS_DEPLOYMENT_TARGET = 17.2;
				LOCALIZATION_PREFERS_STRING_CATALOGS = YES;
				MTL_ENABLE_DEBUG_INFO = NO;
				MTL_FAST_MATH = YES;
				SDKROOT = iphoneos;
				SWIFT_COMPILATION_MODE = wholemodule;
				VALIDATE_PRODUCT = YES;
			};
			name = Release;
		};
		722609142BB032FE009C1593 /* Debug */ = {
			isa = XCBuildConfiguration;
			buildSettings = {
				ASSETCATALOG_COMPILER_APPICON_NAME = AppIcon;
				ASSETCATALOG_COMPILER_GLOBAL_ACCENT_COLOR_NAME = AccentColor;
				CODE_SIGN_STYLE = Automatic;
				CURRENT_PROJECT_VERSION = 1;
				GENERATE_INFOPLIST_FILE = YES;
				INFOPLIST_FILE = Spiski/Info.plist;
				INFOPLIST_KEY_UIApplicationSupportsIndirectInputEvents = YES;
				INFOPLIST_KEY_UILaunchStoryboardName = LaunchScreen;
				INFOPLIST_KEY_UISupportedInterfaceOrientations_iPad = "UIInterfaceOrientationPortrait UIInterfaceOrientationPortraitUpsideDown UIInterfaceOrientationLandscapeLeft UIInterfaceOrientationLandscapeRight";
				INFOPLIST_KEY_UISupportedInterfaceOrientations_iPhone = "UIInterfaceOrientationPortrait UIInterfaceOrientationLandscapeLeft UIInterfaceOrientationLandscapeRight";
				LD_RUNPATH_SEARCH_PATHS = (
					"$(inherited)",
					"@executable_path/Frameworks",
				);
				MARKETING_VERSION = 1.0;
				PRODUCT_BUNDLE_IDENTIFIER = ok.Spiski;
				PRODUCT_NAME = "$(TARGET_NAME)";
				SWIFT_EMIT_LOC_STRINGS = YES;
				SWIFT_VERSION = 5.0;
				TARGETED_DEVICE_FAMILY = "1,2";
			};
			name = Debug;
		};
		722609152BB032FE009C1593 /* Release */ = {
			isa = XCBuildConfiguration;
			buildSettings = {
				ASSETCATALOG_COMPILER_APPICON_NAME = AppIcon;
				ASSETCATALOG_COMPILER_GLOBAL_ACCENT_COLOR_NAME = AccentColor;
				CODE_SIGN_STYLE = Automatic;
				CURRENT_PROJECT_VERSION = 1;
				GENERATE_INFOPLIST_FILE = YES;
				INFOPLIST_FILE = Spiski/Info.plist;
				INFOPLIST_KEY_UIApplicationSupportsIndirectInputEvents = YES;
				INFOPLIST_KEY_UILaunchStoryboardName = LaunchScreen;
				INFOPLIST_KEY_UISupportedInterfaceOrientations_iPad = "UIInterfaceOrientationPortrait UIInterfaceOrientationPortraitUpsideDown UIInterfaceOrientationLandscapeLeft UIInterfaceOrientationLandscapeRight";
				INFOPLIST_KEY_UISupportedInterfaceOrientations_iPhone = "UIInterfaceOrientationPortrait UIInterfaceOrientationLandscapeLeft UIInterfaceOrientationLandscapeRight";
				LD_RUNPATH_SEARCH_PATHS = (
					"$(inherited)",
					"@executable_path/Frameworks",
				);
				MARKETING_VERSION = 1.0;
				PRODUCT_BUNDLE_IDENTIFIER = ok.Spiski;
				PRODUCT_NAME = "$(TARGET_NAME)";
				SWIFT_EMIT_LOC_STRINGS = YES;
				SWIFT_VERSION = 5.0;
				TARGETED_DEVICE_FAMILY = "1,2";
			};
			name = Release;
		};
		722609172BB032FE009C1593 /* Debug */ = {
			isa = XCBuildConfiguration;
			buildSettings = {
				ALWAYS_EMBED_SWIFT_STANDARD_LIBRARIES = YES;
				BUNDLE_LOADER = "$(TEST_HOST)";
				CODE_SIGN_STYLE = Automatic;
				CURRENT_PROJECT_VERSION = 1;
				GENERATE_INFOPLIST_FILE = YES;
				IPHONEOS_DEPLOYMENT_TARGET = 17.2;
				MARKETING_VERSION = 1.0;
				PRODUCT_BUNDLE_IDENTIFIER = ok.SpiskiTests;
				PRODUCT_NAME = "$(TARGET_NAME)";
				SWIFT_EMIT_LOC_STRINGS = NO;
				SWIFT_VERSION = 5.0;
				TARGETED_DEVICE_FAMILY = "1,2";
				TEST_HOST = "$(BUILT_PRODUCTS_DIR)/Spiski.app/$(BUNDLE_EXECUTABLE_FOLDER_PATH)/Spiski";
			};
			name = Debug;
		};
		722609182BB032FE009C1593 /* Release */ = {
			isa = XCBuildConfiguration;
			buildSettings = {
				ALWAYS_EMBED_SWIFT_STANDARD_LIBRARIES = YES;
				BUNDLE_LOADER = "$(TEST_HOST)";
				CODE_SIGN_STYLE = Automatic;
				CURRENT_PROJECT_VERSION = 1;
				GENERATE_INFOPLIST_FILE = YES;
				IPHONEOS_DEPLOYMENT_TARGET = 17.2;
				MARKETING_VERSION = 1.0;
				PRODUCT_BUNDLE_IDENTIFIER = ok.SpiskiTests;
				PRODUCT_NAME = "$(TARGET_NAME)";
				SWIFT_EMIT_LOC_STRINGS = NO;
				SWIFT_VERSION = 5.0;
				TARGETED_DEVICE_FAMILY = "1,2";
				TEST_HOST = "$(BUILT_PRODUCTS_DIR)/Spiski.app/$(BUNDLE_EXECUTABLE_FOLDER_PATH)/Spiski";
			};
			name = Release;
		};
		7226091A2BB032FE009C1593 /* Debug */ = {
			isa = XCBuildConfiguration;
			buildSettings = {
				ALWAYS_EMBED_SWIFT_STANDARD_LIBRARIES = YES;
				CODE_SIGN_STYLE = Automatic;
				CURRENT_PROJECT_VERSION = 1;
				GENERATE_INFOPLIST_FILE = YES;
				MARKETING_VERSION = 1.0;
				PRODUCT_BUNDLE_IDENTIFIER = ok.SpiskiUITests;
				PRODUCT_NAME = "$(TARGET_NAME)";
				SWIFT_EMIT_LOC_STRINGS = NO;
				SWIFT_VERSION = 5.0;
				TARGETED_DEVICE_FAMILY = "1,2";
				TEST_TARGET_NAME = Spiski;
			};
			name = Debug;
		};
		7226091B2BB032FE009C1593 /* Release */ = {
			isa = XCBuildConfiguration;
			buildSettings = {
				ALWAYS_EMBED_SWIFT_STANDARD_LIBRARIES = YES;
				CODE_SIGN_STYLE = Automatic;
				CURRENT_PROJECT_VERSION = 1;
				GENERATE_INFOPLIST_FILE = YES;
				MARKETING_VERSION = 1.0;
				PRODUCT_BUNDLE_IDENTIFIER = ok.SpiskiUITests;
				PRODUCT_NAME = "$(TARGET_NAME)";
				SWIFT_EMIT_LOC_STRINGS = NO;
				SWIFT_VERSION = 5.0;
				TARGETED_DEVICE_FAMILY = "1,2";
				TEST_TARGET_NAME = Spiski;
			};
			name = Release;
		};
/* End XCBuildConfiguration section */

/* Begin XCConfigurationList section */
		722608E42BB032FC009C1593 /* Build configuration list for PBXProject "Spiski" */ = {
			isa = XCConfigurationList;
			buildConfigurations = (
				722609112BB032FE009C1593 /* Debug */,
				722609122BB032FE009C1593 /* Release */,
			);
			defaultConfigurationIsVisible = 0;
			defaultConfigurationName = Release;
		};
		722609132BB032FE009C1593 /* Build configuration list for PBXNativeTarget "Spiski" */ = {
			isa = XCConfigurationList;
			buildConfigurations = (
				722609142BB032FE009C1593 /* Debug */,
				722609152BB032FE009C1593 /* Release */,
			);
			defaultConfigurationIsVisible = 0;
			defaultConfigurationName = Release;
		};
		722609162BB032FE009C1593 /* Build configuration list for PBXNativeTarget "SpiskiTests" */ = {
			isa = XCConfigurationList;
			buildConfigurations = (
				722609172BB032FE009C1593 /* Debug */,
				722609182BB032FE009C1593 /* Release */,
			);
			defaultConfigurationIsVisible = 0;
			defaultConfigurationName = Release;
		};
		722609192BB032FE009C1593 /* Build configuration list for PBXNativeTarget "SpiskiUITests" */ = {
			isa = XCConfigurationList;
			buildConfigurations = (
				7226091A2BB032FE009C1593 /* Debug */,
				7226091B2BB032FE009C1593 /* Release */,
			);
			defaultConfigurationIsVisible = 0;
			defaultConfigurationName = Release;
		};
/* End XCConfigurationList section */

/* Begin XCRemoteSwiftPackageReference section */
		7226091C2BB0331C009C1593 /* XCRemoteSwiftPackageReference "SnapKit" */ = {
			isa = XCRemoteSwiftPackageReference;
			repositoryURL = "https://github.com/SnapKit/SnapKit.git";
			requirement = {
				kind = upToNextMajorVersion;
				minimumVersion = 5.7.1;
			};
		};
/* End XCRemoteSwiftPackageReference section */

/* Begin XCSwiftPackageProductDependency section */
		7226091E2BB03321009C1593 /* SnapKit */ = {
			isa = XCSwiftPackageProductDependency;
			package = 7226091C2BB0331C009C1593 /* XCRemoteSwiftPackageReference "SnapKit" */;
			productName = SnapKit;
		};
/* End XCSwiftPackageProductDependency section */
	};
	rootObject = 722608E12BB032FC009C1593 /* Project object */;
}
